// !$*UTF8*$!
{
	archiveVersion = 1;
	classes = {
	};
	objectVersion = 77;
	objects = {

/* Begin PBXBuildFile section */
		1865012BB7F7B12B2C682E3F /* TextClient.swift in Sources */ = {isa = PBXBuildFile; fileRef = 56EC2BA43A2EC84898E4E7E2 /* TextClient.swift */; };
		2B4B1C916EDDA7445C66C8BD /* KeyvalMapping.swift in Sources */ = {isa = PBXBuildFile; fileRef = BC1EE6C7D9D92C34E90C675A /* KeyvalMapping.swift */; };
		2CDAFFF71E2B1CA6C76B56DD /* TextClient.swift in Sources */ = {isa = PBXBuildFile; fileRef = 56EC2BA43A2EC84898E4E7E2 /* TextClient.swift */; };
		42D3A8D31FF571C34CE8E10D /* KhmerInputHandler.swift in Sources */ = {isa = PBXBuildFile; fileRef = 25C32CB26B6C17FADEE7E83B /* KhmerInputHandler.swift */; };
		4545A2067120C511583A95BE /* khmerime_macos_imk.swift in Sources */ = {isa = PBXBuildFile; fileRef = 7BC91497F223E75831370986 /* khmerime_macos_imk.swift */; };
		48201FE7AEBCA9F79114E006 /* CandidatePanelLayout.swift in Sources */ = {isa = PBXBuildFile; fileRef = C8D1EE6C3468A5B7BB4E76F5 /* CandidatePanelLayout.swift */; };
		4BDAF897B331C4FF8B4F3D36 /* CandidateDisplayFormatter.swift in Sources */ = {isa = PBXBuildFile; fileRef = 28C96BBE712A0F113A596727 /* CandidateDisplayFormatter.swift */; };
		54E4E2494B1E79878A7FBA69 /* khmerime_macos_imk.swift in Sources */ = {isa = PBXBuildFile; fileRef = 7BC91497F223E75831370986 /* khmerime_macos_imk.swift */; };
		60908A1D8D2755B69612A563 /* main.swift in Sources */ = {isa = PBXBuildFile; fileRef = 32A66D0A46DAB12529C95E57 /* main.swift */; };
		69C0A3292ACA99FDC1C7C84A /* InputMethodKit.framework in Frameworks */ = {isa = PBXBuildFile; fileRef = 7A394B0ADEBBF1DB340B1EEE /* InputMethodKit.framework */; };
		6B56DA06D50DCCD17643B526 /* KhmerInputHandlerTests.swift in Sources */ = {isa = PBXBuildFile; fileRef = A88400333F9BD99944A6736E /* KhmerInputHandlerTests.swift */; };
		7288D0CD9B0AE5E7D9206903 /* CandidateDisplayFormatter.swift in Sources */ = {isa = PBXBuildFile; fileRef = 28C96BBE712A0F113A596727 /* CandidateDisplayFormatter.swift */; };
		776AEE2CE6E7A43DD3F09701 /* CandidateDisplayFormatterTests.swift in Sources */ = {isa = PBXBuildFile; fileRef = FED4EDC0EB42CD89C3F45F9C /* CandidateDisplayFormatterTests.swift */; };
		7FD088DCFF42588AB3A3153B /* KhmerIME.xcframework in Frameworks */ = {isa = PBXBuildFile; fileRef = B40F7313D2E03B3A30E76F8A /* KhmerIME.xcframework */; };
		869376998C564D5797ABC15D /* KhmerIME.xcframework in Frameworks */ = {isa = PBXBuildFile; fileRef = B40F7313D2E03B3A30E76F8A /* KhmerIME.xcframework */; };
		94F1624D7B89DBA4D8F2D0FA /* KeyvalMappingTests.swift in Sources */ = {isa = PBXBuildFile; fileRef = 48B3EC3917E6C715FEB3366F /* KeyvalMappingTests.swift */; };
		9C89A460CD0BDF36460870EB /* KhmerInputHandler.swift in Sources */ = {isa = PBXBuildFile; fileRef = 25C32CB26B6C17FADEE7E83B /* KhmerInputHandler.swift */; };
		B9EA3413E0FC0A0B9C4C9689 /* KhmerInputController.swift in Sources */ = {isa = PBXBuildFile; fileRef = CE03DC1BE74042FC0325CBBC /* KhmerInputController.swift */; };
		D50F69A203231305B570646C /* CandidatePanelLayout.swift in Sources */ = {isa = PBXBuildFile; fileRef = C8D1EE6C3468A5B7BB4E76F5 /* CandidatePanelLayout.swift */; };
		DADF3323C141E54C3F076B48 /* menu_icon.tiff in Resources */ = {isa = PBXBuildFile; fileRef = C6451F340A16C7C6E65F7BFB /* menu_icon.tiff */; };
		DD00AE9490C58C39F32CBDD2 /* InfoPlist.strings in Resources */ = {isa = PBXBuildFile; fileRef = FE046A1B81EB1D8E423D6094 /* InfoPlist.strings */; };
		DD09BB017FF83E264C339507 /* KeyvalMapping.swift in Sources */ = {isa = PBXBuildFile; fileRef = BC1EE6C7D9D92C34E90C675A /* KeyvalMapping.swift */; };
		DF9DC06919A41D420C4C4ACF /* SessionKeyInputTests.swift in Sources */ = {isa = PBXBuildFile; fileRef = 8C2D01A2FC733BD15A83E16E /* SessionKeyInputTests.swift */; };
		E0B54A47F4D30B62086C98A1 /* CandidatePanelLayoutTests.swift in Sources */ = {isa = PBXBuildFile; fileRef = B623DD170C5C79C5A4327180 /* CandidatePanelLayoutTests.swift */; };
		E70DB6CC4A7767D6AD8BFDC2 /* MockTextClient.swift in Sources */ = {isa = PBXBuildFile; fileRef = 59C88769C911B8DDFE14B049 /* MockTextClient.swift */; };
		EC2428FB69E1256E09DFC3FE /* CandidatePanel.swift in Sources */ = {isa = PBXBuildFile; fileRef = 220134C44B7ED4281A57F3FD /* CandidatePanel.swift */; };
/* End PBXBuildFile section */

/* Begin PBXFileReference section */
		220134C44B7ED4281A57F3FD /* CandidatePanel.swift */ = {isa = PBXFileReference; lastKnownFileType = sourcecode.swift; path = CandidatePanel.swift; sourceTree = "<group>"; };
		25C32CB26B6C17FADEE7E83B /* KhmerInputHandler.swift */ = {isa = PBXFileReference; lastKnownFileType = sourcecode.swift; path = KhmerInputHandler.swift; sourceTree = "<group>"; };
		28C96BBE712A0F113A596727 /* CandidateDisplayFormatter.swift */ = {isa = PBXFileReference; lastKnownFileType = sourcecode.swift; path = CandidateDisplayFormatter.swift; sourceTree = "<group>"; };
		32A66D0A46DAB12529C95E57 /* main.swift */ = {isa = PBXFileReference; lastKnownFileType = sourcecode.swift; path = main.swift; sourceTree = "<group>"; };
		402F03B27E50519DE3E56ED5 /* khmerime_macos_imkFFI.h */ = {isa = PBXFileReference; lastKnownFileType = sourcecode.c.h; path = khmerime_macos_imkFFI.h; sourceTree = "<group>"; };
		48B3EC3917E6C715FEB3366F /* KeyvalMappingTests.swift */ = {isa = PBXFileReference; lastKnownFileType = sourcecode.swift; path = KeyvalMappingTests.swift; sourceTree = "<group>"; };
		56EC2BA43A2EC84898E4E7E2 /* TextClient.swift */ = {isa = PBXFileReference; lastKnownFileType = sourcecode.swift; path = TextClient.swift; sourceTree = "<group>"; };
		59C88769C911B8DDFE14B049 /* MockTextClient.swift */ = {isa = PBXFileReference; lastKnownFileType = sourcecode.swift; path = MockTextClient.swift; sourceTree = "<group>"; };
		73846DF9B141E0908FA644AB /* Info.plist */ = {isa = PBXFileReference; lastKnownFileType = text.plist; path = Info.plist; sourceTree = "<group>"; };
		7A394B0ADEBBF1DB340B1EEE /* InputMethodKit.framework */ = {isa = PBXFileReference; lastKnownFileType = wrapper.framework; name = InputMethodKit.framework; path = System/Library/Frameworks/InputMethodKit.framework; sourceTree = SDKROOT; };
		7BC91497F223E75831370986 /* khmerime_macos_imk.swift */ = {isa = PBXFileReference; lastKnownFileType = sourcecode.swift; path = khmerime_macos_imk.swift; sourceTree = "<group>"; };
		8C2D01A2FC733BD15A83E16E /* SessionKeyInputTests.swift */ = {isa = PBXFileReference; lastKnownFileType = sourcecode.swift; path = SessionKeyInputTests.swift; sourceTree = "<group>"; };
		A88400333F9BD99944A6736E /* KhmerInputHandlerTests.swift */ = {isa = PBXFileReference; lastKnownFileType = sourcecode.swift; path = KhmerInputHandlerTests.swift; sourceTree = "<group>"; };
		AE3E4BC1CCF2EEB9A946D40F /* khmerime_macos_imk.modulemap */ = {isa = PBXFileReference; lastKnownFileType = "sourcecode.module-map"; path = khmerime_macos_imk.modulemap; sourceTree = "<group>"; };
		B40F7313D2E03B3A30E76F8A /* KhmerIME.xcframework */ = {isa = PBXFileReference; lastKnownFileType = wrapper.xcframework; name = KhmerIME.xcframework; path = Frameworks/KhmerIME.xcframework; sourceTree = "<group>"; };
		B623DD170C5C79C5A4327180 /* CandidatePanelLayoutTests.swift */ = {isa = PBXFileReference; lastKnownFileType = sourcecode.swift; path = CandidatePanelLayoutTests.swift; sourceTree = "<group>"; };
		B7971F93554C6934213F1C04 /* en */ = {isa = PBXFileReference; lastKnownFileType = text.plist.strings; name = en; path = en.lproj/InfoPlist.strings; sourceTree = "<group>"; };
		BC1EE6C7D9D92C34E90C675A /* KeyvalMapping.swift */ = {isa = PBXFileReference; lastKnownFileType = sourcecode.swift; path = KeyvalMapping.swift; sourceTree = "<group>"; };
		C6451F340A16C7C6E65F7BFB /* menu_icon.tiff */ = {isa = PBXFileReference; lastKnownFileType = image.tiff; path = menu_icon.tiff; sourceTree = "<group>"; };
		C84062FF1727DFAE5B371156 /* KhmerIMEMacOS.entitlements */ = {isa = PBXFileReference; lastKnownFileType = text.plist.entitlements; path = KhmerIMEMacOS.entitlements; sourceTree = "<group>"; };
		C8D1EE6C3468A5B7BB4E76F5 /* CandidatePanelLayout.swift */ = {isa = PBXFileReference; lastKnownFileType = sourcecode.swift; path = CandidatePanelLayout.swift; sourceTree = "<group>"; };
		CE03DC1BE74042FC0325CBBC /* KhmerInputController.swift */ = {isa = PBXFileReference; lastKnownFileType = sourcecode.swift; path = KhmerInputController.swift; sourceTree = "<group>"; };
		E342FC8BC1323F06EA072A93 /* KhmerIMEMacOSTests.xctest */ = {isa = PBXFileReference; explicitFileType = wrapper.cfbundle; includeInIndex = 0; path = KhmerIMEMacOSTests.xctest; sourceTree = BUILT_PRODUCTS_DIR; };
		EFFA3D153052FAE1B6156BA0 /* KhmerIMEMacOS.app */ = {isa = PBXFileReference; explicitFileType = wrapper.application; includeInIndex = 0; path = KhmerIMEMacOS.app; sourceTree = BUILT_PRODUCTS_DIR; };
		FED4EDC0EB42CD89C3F45F9C /* CandidateDisplayFormatterTests.swift */ = {isa = PBXFileReference; lastKnownFileType = sourcecode.swift; path = CandidateDisplayFormatterTests.swift; sourceTree = "<group>"; };
/* End PBXFileReference section */

/* Begin PBXFrameworksBuildPhase section */
		486B52FEAEEA033D112004B2 /* Frameworks */ = {
			isa = PBXFrameworksBuildPhase;
			buildActionMask = 2147483647;
			files = (
				869376998C564D5797ABC15D /* KhmerIME.xcframework in Frameworks */,
				69C0A3292ACA99FDC1C7C84A /* InputMethodKit.framework in Frameworks */,
			);
			runOnlyForDeploymentPostprocessing = 0;
		};
		BE9FDA0BAAFC6DD1587D14E5 /* Frameworks */ = {
			isa = PBXFrameworksBuildPhase;
			buildActionMask = 2147483647;
			files = (
				7FD088DCFF42588AB3A3153B /* KhmerIME.xcframework in Frameworks */,
			);
			runOnlyForDeploymentPostprocessing = 0;
		};
/* End PBXFrameworksBuildPhase section */

/* Begin PBXGroup section */
		64367B22A7589FD718DD0845 /* Products */ = {
			isa = PBXGroup;
			children = (
				EFFA3D153052FAE1B6156BA0 /* KhmerIMEMacOS.app */,
				E342FC8BC1323F06EA072A93 /* KhmerIMEMacOSTests.xctest */,
			);
			name = Products;
			sourceTree = "<group>";
		};
		74966360CBB4ECA4D85C34E6 /* Frameworks */ = {
			isa = PBXGroup;
			children = (
				7A394B0ADEBBF1DB340B1EEE /* InputMethodKit.framework */,
				B40F7313D2E03B3A30E76F8A /* KhmerIME.xcframework */,
			);
			name = Frameworks;
			sourceTree = "<group>";
		};
		7D35880E3312998C634843FC /* KhmerIMEMacOS */ = {
			isa = PBXGroup;
			children = (
				28C96BBE712A0F113A596727 /* CandidateDisplayFormatter.swift */,
				220134C44B7ED4281A57F3FD /* CandidatePanel.swift */,
				C8D1EE6C3468A5B7BB4E76F5 /* CandidatePanelLayout.swift */,
				73846DF9B141E0908FA644AB /* Info.plist */,
				BC1EE6C7D9D92C34E90C675A /* KeyvalMapping.swift */,
				C84062FF1727DFAE5B371156 /* KhmerIMEMacOS.entitlements */,
				CE03DC1BE74042FC0325CBBC /* KhmerInputController.swift */,
				25C32CB26B6C17FADEE7E83B /* KhmerInputHandler.swift */,
				32A66D0A46DAB12529C95E57 /* main.swift */,
				C6451F340A16C7C6E65F7BFB /* menu_icon.tiff */,
				56EC2BA43A2EC84898E4E7E2 /* TextClient.swift */,
				EF6204FBBCAF942E95E88D58 /* Generated */,
				FE046A1B81EB1D8E423D6094 /* InfoPlist.strings */,
			);
			path = KhmerIMEMacOS;
			sourceTree = "<group>";
		};
		8997B3AF1DECE3BCFC1080E2 = {
			isa = PBXGroup;
			children = (
				7D35880E3312998C634843FC /* KhmerIMEMacOS */,
				F7DEC519E1A6527D6B208A67 /* KhmerIMEMacOSTests */,
				74966360CBB4ECA4D85C34E6 /* Frameworks */,
				64367B22A7589FD718DD0845 /* Products */,
			);
			sourceTree = "<group>";
		};
		EF6204FBBCAF942E95E88D58 /* Generated */ = {
			isa = PBXGroup;
			children = (
				AE3E4BC1CCF2EEB9A946D40F /* khmerime_macos_imk.modulemap */,
				7BC91497F223E75831370986 /* khmerime_macos_imk.swift */,
				402F03B27E50519DE3E56ED5 /* khmerime_macos_imkFFI.h */,
			);
			path = Generated;
			sourceTree = "<group>";
		};
		F7DEC519E1A6527D6B208A67 /* KhmerIMEMacOSTests */ = {
			isa = PBXGroup;
			children = (
				FED4EDC0EB42CD89C3F45F9C /* CandidateDisplayFormatterTests.swift */,
				B623DD170C5C79C5A4327180 /* CandidatePanelLayoutTests.swift */,
				48B3EC3917E6C715FEB3366F /* KeyvalMappingTests.swift */,
				A88400333F9BD99944A6736E /* KhmerInputHandlerTests.swift */,
				59C88769C911B8DDFE14B049 /* MockTextClient.swift */,
				8C2D01A2FC733BD15A83E16E /* SessionKeyInputTests.swift */,
			);
			path = KhmerIMEMacOSTests;
			sourceTree = "<group>";
		};
/* End PBXGroup section */

/* Begin PBXNativeTarget section */
		49A50D8A9F61100A45E83144 /* KhmerIMEMacOSTests */ = {
			isa = PBXNativeTarget;
			buildConfigurationList = F0A25E57CEF462D7D3124209 /* Build configuration list for PBXNativeTarget "KhmerIMEMacOSTests" */;
			buildPhases = (
				1DA4B8203EDACDB72409A219 /* Sources */,
				BE9FDA0BAAFC6DD1587D14E5 /* Frameworks */,
			);
			buildRules = (
			);
			dependencies = (
			);
			name = KhmerIMEMacOSTests;
			packageProductDependencies = (
			);
			productName = KhmerIMEMacOSTests;
			productReference = E342FC8BC1323F06EA072A93 /* KhmerIMEMacOSTests.xctest */;
			productType = "com.apple.product-type.bundle.unit-test";
		};
		BDAAE3E9535863A3702F58B6 /* KhmerIMEMacOS */ = {
			isa = PBXNativeTarget;
			buildConfigurationList = 5276B73EE959855A9F86AABF /* Build configuration list for PBXNativeTarget "KhmerIMEMacOS" */;
			buildPhases = (
				B9EBA44E465AA97C3396BDD7 /* Sources */,
				5E9272EDCBBABB248A0A723D /* Resources */,
				486B52FEAEEA033D112004B2 /* Frameworks */,
			);
			buildRules = (
			);
			dependencies = (
			);
			name = KhmerIMEMacOS;
			packageProductDependencies = (
			);
			productName = KhmerIMEMacOS;
			productReference = EFFA3D153052FAE1B6156BA0 /* KhmerIMEMacOS.app */;
			productType = "com.apple.product-type.application";
		};
/* End PBXNativeTarget section */

/* Begin PBXProject section */
		5BAC2C536B3FDB303D18AB02 /* Project object */ = {
			isa = PBXProject;
			attributes = {
				BuildIndependentTargetsInParallel = YES;
				LastUpgradeCheck = 1430;
				TargetAttributes = {
					49A50D8A9F61100A45E83144 = {
						DevelopmentTeam = "";
						ProvisioningStyle = Manual;
					};
					BDAAE3E9535863A3702F58B6 = {
						DevelopmentTeam = "";
						ProvisioningStyle = Manual;
					};
				};
			};
			buildConfigurationList = 68FC51EC7A9CF99F0F14D16A /* Build configuration list for PBXProject "KhmerIMEMacOS" */;
			developmentRegion = en;
			hasScannedForEncodings = 0;
			knownRegions = (
				Base,
				en,
			);
			mainGroup = 8997B3AF1DECE3BCFC1080E2;
			minimizedProjectReferenceProxies = 1;
			preferredProjectObjectVersion = 77;
			productRefGroup = 64367B22A7589FD718DD0845 /* Products */;
			projectDirPath = "";
			projectRoot = "";
			targets = (
				BDAAE3E9535863A3702F58B6 /* KhmerIMEMacOS */,
				49A50D8A9F61100A45E83144 /* KhmerIMEMacOSTests */,
			);
		};
/* End PBXProject section */

/* Begin PBXResourcesBuildPhase section */
		5E9272EDCBBABB248A0A723D /* Resources */ = {
			isa = PBXResourcesBuildPhase;
			buildActionMask = 2147483647;
			files = (
				DD00AE9490C58C39F32CBDD2 /* InfoPlist.strings in Resources */,
				DADF3323C141E54C3F076B48 /* menu_icon.tiff in Resources */,
			);
			runOnlyForDeploymentPostprocessing = 0;
		};
/* End PBXResourcesBuildPhase section */

/* Begin PBXSourcesBuildPhase section */
		1DA4B8203EDACDB72409A219 /* Sources */ = {
			isa = PBXSourcesBuildPhase;
			buildActionMask = 2147483647;
			files = (
				4BDAF897B331C4FF8B4F3D36 /* CandidateDisplayFormatter.swift in Sources */,
				776AEE2CE6E7A43DD3F09701 /* CandidateDisplayFormatterTests.swift in Sources */,
				D50F69A203231305B570646C /* CandidatePanelLayout.swift in Sources */,
				E0B54A47F4D30B62086C98A1 /* CandidatePanelLayoutTests.swift in Sources */,
				DD09BB017FF83E264C339507 /* KeyvalMapping.swift in Sources */,
				94F1624D7B89DBA4D8F2D0FA /* KeyvalMappingTests.swift in Sources */,
				42D3A8D31FF571C34CE8E10D /* KhmerInputHandler.swift in Sources */,
				6B56DA06D50DCCD17643B526 /* KhmerInputHandlerTests.swift in Sources */,
				E70DB6CC4A7767D6AD8BFDC2 /* MockTextClient.swift in Sources */,
				DF9DC06919A41D420C4C4ACF /* SessionKeyInputTests.swift in Sources */,
				2CDAFFF71E2B1CA6C76B56DD /* TextClient.swift in Sources */,
				4545A2067120C511583A95BE /* khmerime_macos_imk.swift in Sources */,
			);
			runOnlyForDeploymentPostprocessing = 0;
		};
		B9EBA44E465AA97C3396BDD7 /* Sources */ = {
			isa = PBXSourcesBuildPhase;
			buildActionMask = 2147483647;
			files = (
				7288D0CD9B0AE5E7D9206903 /* CandidateDisplayFormatter.swift in Sources */,
				EC2428FB69E1256E09DFC3FE /* CandidatePanel.swift in Sources */,
				48201FE7AEBCA9F79114E006 /* CandidatePanelLayout.swift in Sources */,
				2B4B1C916EDDA7445C66C8BD /* KeyvalMapping.swift in Sources */,
				B9EA3413E0FC0A0B9C4C9689 /* KhmerInputController.swift in Sources */,
				9C89A460CD0BDF36460870EB /* KhmerInputHandler.swift in Sources */,
				1865012BB7F7B12B2C682E3F /* TextClient.swift in Sources */,
				54E4E2494B1E79878A7FBA69 /* khmerime_macos_imk.swift in Sources */,
				60908A1D8D2755B69612A563 /* main.swift in Sources */,
			);
			runOnlyForDeploymentPostprocessing = 0;
		};
/* End PBXSourcesBuildPhase section */

/* Begin PBXVariantGroup section */
		FE046A1B81EB1D8E423D6094 /* InfoPlist.strings */ = {
			isa = PBXVariantGroup;
			children = (
				B7971F93554C6934213F1C04 /* en */,
			);
			name = InfoPlist.strings;
			sourceTree = "<group>";
		};
/* End PBXVariantGroup section */

/* Begin XCBuildConfiguration section */
		1CB09AD7AC0BDB2A52530FF5 /* Debug */ = {
			isa = XCBuildConfiguration;
			buildSettings = {
				ALWAYS_SEARCH_USER_PATHS = NO;
				CLANG_ANALYZER_NONNULL = YES;
				CLANG_ANALYZER_NUMBER_OBJECT_CONVERSION = YES_AGGRESSIVE;
				CLANG_CXX_LANGUAGE_STANDARD = "gnu++14";
				CLANG_CXX_LIBRARY = "libc++";
				CLANG_ENABLE_MODULES = YES;
				CLANG_ENABLE_OBJC_ARC = YES;
				CLANG_ENABLE_OBJC_WEAK = YES;
				CLANG_WARN_BLOCK_CAPTURE_AUTORELEASING = YES;
				CLANG_WARN_BOOL_CONVERSION = YES;
				CLANG_WARN_COMMA = YES;
				CLANG_WARN_CONSTANT_CONVERSION = YES;
				CLANG_WARN_DEPRECATED_OBJC_IMPLEMENTATIONS = YES;
				CLANG_WARN_DIRECT_OBJC_ISA_USAGE = YES_ERROR;
				CLANG_WARN_DOCUMENTATION_COMMENTS = YES;
				CLANG_WARN_EMPTY_BODY = YES;
				CLANG_WARN_ENUM_CONVERSION = YES;
				CLANG_WARN_INFINITE_RECURSION = YES;
				CLANG_WARN_INT_CONVERSION = YES;
				CLANG_WARN_NON_LITERAL_NULL_CONVERSION = YES;
				CLANG_WARN_OBJC_IMPLICIT_RETAIN_SELF = YES;
				CLANG_WARN_OBJC_LITERAL_CONVERSION = YES;
				CLANG_WARN_OBJC_ROOT_CLASS = YES_ERROR;
				CLANG_WARN_QUOTED_INCLUDE_IN_FRAMEWORK_HEADER = YES;
				CLANG_WARN_RANGE_LOOP_ANALYSIS = YES;
				CLANG_WARN_STRICT_PROTOTYPES = YES;
				CLANG_WARN_SUSPICIOUS_MOVE = YES;
				CLANG_WARN_UNGUARDED_AVAILABILITY = YES_AGGRESSIVE;
				CLANG_WARN_UNREACHABLE_CODE = YES;
				CLANG_WARN__DUPLICATE_METHOD_MATCH = YES;
				CODE_SIGN_IDENTITY = "-";
				CODE_SIGN_STYLE = Manual;
				COPY_PHASE_STRIP = NO;
				DEBUG_INFORMATION_FORMAT = dwarf;
				DEVELOPMENT_TEAM = "";
				ENABLE_STRICT_OBJC_MSGSEND = YES;
				ENABLE_TESTABILITY = YES;
				GCC_C_LANGUAGE_STANDARD = gnu11;
				GCC_DYNAMIC_NO_PIC = NO;
				GCC_NO_COMMON_BLOCKS = YES;
				GCC_OPTIMIZATION_LEVEL = 0;
				GCC_PREPROCESSOR_DEFINITIONS = (
					"$(inherited)",
					"DEBUG=1",
				);
				GCC_WARN_64_TO_32_BIT_CONVERSION = YES;
				GCC_WARN_ABOUT_RETURN_TYPE = YES_ERROR;
				GCC_WARN_UNDECLARED_SELECTOR = YES;
				GCC_WARN_UNINITIALIZED_AUTOS = YES_AGGRESSIVE;
				GCC_WARN_UNUSED_FUNCTION = YES;
				GCC_WARN_UNUSED_VARIABLE = YES;
				MACOSX_DEPLOYMENT_TARGET = 13.0;
				MTL_ENABLE_DEBUG_INFO = INCLUDE_SOURCE;
				MTL_FAST_MATH = YES;
				ONLY_ACTIVE_ARCH = YES;
				PRODUCT_NAME = "$(TARGET_NAME)";
				SDKROOT = macosx;
				SWIFT_ACTIVE_COMPILATION_CONDITIONS = DEBUG;
				SWIFT_OPTIMIZATION_LEVEL = "-Onone";
				SWIFT_VERSION = 5.0;
			};
			name = Debug;
		};
		42B22012DB3B3AA7ECA4196D /* Debug */ = {
			isa = XCBuildConfiguration;
			buildSettings = {
				BUNDLE_LOADER = "$(TEST_HOST)";
				COMBINE_HIDPI_IMAGES = YES;
				FRAMEWORK_SEARCH_PATHS = (
					"$(inherited)",
					"\"Frameworks\"",
				);
				GENERATE_INFOPLIST_FILE = YES;
				LD_RUNPATH_SEARCH_PATHS = (
					"$(inherited)",
					"@executable_path/../Frameworks",
					"@loader_path/../Frameworks",
				);
				MACOSX_DEPLOYMENT_TARGET = 13.0;
				OTHER_LDFLAGS = "-ObjC";
				PRODUCT_BUNDLE_IDENTIFIER = com.khmerime.KhmerIMEMacOSTests;
				SDKROOT = macosx;
			};
			name = Debug;
		};
		5CA26AD9AE3AD2E6C7DA9A91 /* Release */ = {
			isa = XCBuildConfiguration;
			buildSettings = {
				ASSETCATALOG_COMPILER_APPICON_NAME = AppIcon;
				CODE_SIGN_ENTITLEMENTS = KhmerIMEMacOS/KhmerIMEMacOS.entitlements;
				COMBINE_HIDPI_IMAGES = YES;
				FRAMEWORK_SEARCH_PATHS = (
					"$(inherited)",
					"\"Frameworks\"",
				);
				INFOPLIST_FILE = KhmerIMEMacOS/Info.plist;
				LD_RUNPATH_SEARCH_PATHS = "@loader_path/../Frameworks";
				MACOSX_DEPLOYMENT_TARGET = 13.0;
				OTHER_LDFLAGS = "-ObjC";
				PRODUCT_BUNDLE_IDENTIFIER = com.khmerime.inputmethod.KhmerIMEMacOS;
				SDKROOT = macosx;
			};
			name = Release;
		};
		6A62FF793F9253442C906202 /* Release */ = {
			isa = XCBuildConfiguration;
			buildSettings = {
				ALWAYS_SEARCH_USER_PATHS = NO;
				CLANG_ANALYZER_NONNULL = YES;
				CLANG_ANALYZER_NUMBER_OBJECT_CONVERSION = YES_AGGRESSIVE;
				CLANG_CXX_LANGUAGE_STANDARD = "gnu++14";
				CLANG_CXX_LIBRARY = "libc++";
				CLANG_ENABLE_MODULES = YES;
				CLANG_ENABLE_OBJC_ARC = YES;
				CLANG_ENABLE_OBJC_WEAK = YES;
				CLANG_WARN_BLOCK_CAPTURE_AUTORELEASING = YES;
				CLANG_WARN_BOOL_CONVERSION = YES;
				CLANG_WARN_COMMA = YES;
				CLANG_WARN_CONSTANT_CONVERSION = YES;
				CLANG_WARN_DEPRECATED_OBJC_IMPLEMENTATIONS = YES;
				CLANG_WARN_DIRECT_OBJC_ISA_USAGE = YES_ERROR;
				CLANG_WARN_DOCUMENTATION_COMMENTS = YES;
				CLANG_WARN_EMPTY_BODY = YES;
				CLANG_WARN_ENUM_CONVERSION = YES;
				CLANG_WARN_INFINITE_RECURSION = YES;
				CLANG_WARN_INT_CONVERSION = YES;
				CLANG_WARN_NON_LITERAL_NULL_CONVERSION = YES;
				CLANG_WARN_OBJC_IMPLICIT_RETAIN_SELF = YES;
				CLANG_WARN_OBJC_LITERAL_CONVERSION = YES;
				CLANG_WARN_OBJC_ROOT_CLASS = YES_ERROR;
				CLANG_WARN_QUOTED_INCLUDE_IN_FRAMEWORK_HEADER = YES;
				CLANG_WARN_RANGE_LOOP_ANALYSIS = YES;
				CLANG_WARN_STRICT_PROTOTYPES = YES;
				CLANG_WARN_SUSPICIOUS_MOVE = YES;
				CLANG_WARN_UNGUARDED_AVAILABILITY = YES_AGGRESSIVE;
				CLANG_WARN_UNREACHABLE_CODE = YES;
				CLANG_WARN__DUPLICATE_METHOD_MATCH = YES;
				CODE_SIGN_IDENTITY = "-";
				CODE_SIGN_STYLE = Manual;
				COPY_PHASE_STRIP = NO;
				DEBUG_INFORMATION_FORMAT = "dwarf-with-dsym";
				DEVELOPMENT_TEAM = "";
				ENABLE_NS_ASSERTIONS = NO;
				ENABLE_STRICT_OBJC_MSGSEND = YES;
				GCC_C_LANGUAGE_STANDARD = gnu11;
				GCC_NO_COMMON_BLOCKS = YES;
				GCC_WARN_64_TO_32_BIT_CONVERSION = YES;
				GCC_WARN_ABOUT_RETURN_TYPE = YES_ERROR;
				GCC_WARN_UNDECLARED_SELECTOR = YES;
				GCC_WARN_UNINITIALIZED_AUTOS = YES_AGGRESSIVE;
				GCC_WARN_UNUSED_FUNCTION = YES;
				GCC_WARN_UNUSED_VARIABLE = YES;
				MACOSX_DEPLOYMENT_TARGET = 13.0;
				MTL_ENABLE_DEBUG_INFO = NO;
				MTL_FAST_MATH = YES;
				PRODUCT_NAME = "$(TARGET_NAME)";
				SDKROOT = macosx;
				SWIFT_COMPILATION_MODE = wholemodule;
				SWIFT_OPTIMIZATION_LEVEL = "-O";
				SWIFT_VERSION = 5.0;
			};
			name = Release;
		};
		74F1022E7BF7C9406E452EC5 /* Debug */ = {
			isa = XCBuildConfiguration;
			buildSettings = {
				ASSETCATALOG_COMPILER_APPICON_NAME = AppIcon;
				CODE_SIGN_ENTITLEMENTS = KhmerIMEMacOS/KhmerIMEMacOS.entitlements;
				COMBINE_HIDPI_IMAGES = YES;
				FRAMEWORK_SEARCH_PATHS = (
					"$(inherited)",
					"\"Frameworks\"",
				);
				INFOPLIST_FILE = KhmerIMEMacOS/Info.plist;
				LD_RUNPATH_SEARCH_PATHS = "@loader_path/../Frameworks";
				MACOSX_DEPLOYMENT_TARGET = 13.0;
				OTHER_LDFLAGS = "-ObjC";
				PRODUCT_BUNDLE_IDENTIFIER = com.khmerime.inputmethod.KhmerIMEMacOS;
				SDKROOT = macosx;
			};
			name = Debug;
		};
		A05A6A430FA1E50C30BE25C7 /* Release */ = {
			isa = XCBuildConfiguration;
			buildSettings = {
				BUNDLE_LOADER = "$(TEST_HOST)";
				COMBINE_HIDPI_IMAGES = YES;
				FRAMEWORK_SEARCH_PATHS = (
					"$(inherited)",
					"\"Frameworks\"",
				);
				GENERATE_INFOPLIST_FILE = YES;
				LD_RUNPATH_SEARCH_PATHS = (
					"$(inherited)",
					"@executable_path/../Frameworks",
					"@loader_path/../Frameworks",
				);
				MACOSX_DEPLOYMENT_TARGET = 13.0;
				OTHER_LDFLAGS = "-ObjC";
				PRODUCT_BUNDLE_IDENTIFIER = com.khmerime.KhmerIMEMacOSTests;
				SDKROOT = macosx;
			};
			name = Release;
		};
/* End XCBuildConfiguration section */

/* Begin XCConfigurationList section */
		5276B73EE959855A9F86AABF /* Build configuration list for PBXNativeTarget "KhmerIMEMacOS" */ = {
			isa = XCConfigurationList;
			buildConfigurations = (
				74F1022E7BF7C9406E452EC5 /* Debug */,
				5CA26AD9AE3AD2E6C7DA9A91 /* Release */,
			);
			defaultConfigurationIsVisible = 0;
			defaultConfigurationName = Debug;
		};
		68FC51EC7A9CF99F0F14D16A /* Build configuration list for PBXProject "KhmerIMEMacOS" */ = {
			isa = XCConfigurationList;
			buildConfigurations = (
				1CB09AD7AC0BDB2A52530FF5 /* Debug */,
				6A62FF793F9253442C906202 /* Release */,
			);
			defaultConfigurationIsVisible = 0;
			defaultConfigurationName = Debug;
		};
		F0A25E57CEF462D7D3124209 /* Build configuration list for PBXNativeTarget "KhmerIMEMacOSTests" */ = {
			isa = XCConfigurationList;
			buildConfigurations = (
				42B22012DB3B3AA7ECA4196D /* Debug */,
				A05A6A430FA1E50C30BE25C7 /* Release */,
			);
			defaultConfigurationIsVisible = 0;
			defaultConfigurationName = Debug;
		};
/* End XCConfigurationList section */
	};
	rootObject = 5BAC2C536B3FDB303D18AB02 /* Project object */;
}
